<Solution>
  <Folder Name="/dbscripts/" />
  <Folder Name="/Solution Items/">
    <File Path=".editorconfig" />
    <File Path="compose.yaml" />
  </Folder>
  <Project Path="FizzBuzz.Api/FizzBuzz.Api.csproj" />
  <Project Path="FizzBuzz.Domain/FizzBuzz.Domain.csproj" />
  <Project Path="FizzBuzz.Infrastructure/FizzBuzz.Infrastructure.csproj" />
  <Project Path="FizzBuzz.Tests/FizzBuzz.Tests.csproj" />
</Solution>
